
Microsoft Visual Studio Solution File, Format Version 12.00
# Visual Studio Version 16
VisualStudioVersion = 16.0.30717.126
MinimumVisualStudioVersion = 10.0.40219.1
Project("{9A19103F-16F7-4668-BE54-9A1E7A4F7556}") = "League", "League.csproj", "{088B8E25-1452-4903-877C-D660FFFB127A}"
EndProject
Global
	GlobalSection(SolutionConfigurationPlatforms) = preSolution
		Debug|Any CPU = Debug|Any CPU
		Release|Any CPU = Release|Any CPU
	EndGlobalSection
	GlobalSection(ProjectConfigurationPlatforms) = postSolution
		{088B8E25-1452-4903-877C-D660FFFB127A}.Debug|Any CPU.ActiveCfg = Debug|Any CPU
		{088B8E25-1452-4903-877C-D660FFFB127A}.Debug|Any CPU.Build.0 = Debug|Any CPU
		{088B8E25-1452-4903-877C-D660FFFB127A}.Release|Any CPU.ActiveCfg = Release|Any CPU
		{088B8E25-1452-4903-877C-D660FFFB127A}.Release|Any CPU.Build.0 = Release|Any CPU
	EndGlobalSection
	GlobalSection(SolutionProperties) = preSolution
		HideSolutionNode = FALSE
	EndGlobalSection
	GlobalSection(ExtensibilityGlobals) = postSolution
		SolutionGuid = {FA52A127-163D-4FEA-9613-6FA628845B61}
	EndGlobalSection
EndGlobal
